# THIS IS AN AUTOGENERATED FILE. DO NOT EDIT THIS FILE DIRECTLY.
# yarn lockfile v1


"@babel/runtime@^7.0.0":
  version "7.8.4"
  resolved "http://binary:80/artifactory/api/npm/npm/@babel/runtime/-/runtime-7.8.4.tgz#d79f5a2040f7caa24d53e563aad49cbc05581308"
  integrity sha1-159aIED3yqJNU+VjqtScvAVYEwg=
  dependencies:
    regenerator-runtime "^0.13.2"

cross-env@^7.0.0:
  version "7.0.0"
  resolved "http://binary:80/artifactory/api/npm/npm/cross-env/-/cross-env-7.0.0.tgz#5a3b2ddce51ec713ea58f2fb79ce22e65b4f5479"
  integrity sha1-Wjst3OUexxPqWPL7ec4i5ltPVHk=
  dependencies:
    cross-spawn "^7.0.1"

cross-spawn@^7.0.1:
  version "7.0.1"
  resolved "http://binary:80/artifactory/api/npm/npm/cross-spawn/-/cross-spawn-7.0.1.tgz#0ab56286e0f7c24e153d04cc2aa027e43a9a5d14"
  integrity sha1-CrVihuD3wk4VPQTMKqAn5DqaXRQ=
  dependencies:
    path-key "^3.1.0"
    shebang-command "^2.0.0"
    which "^2.0.1"

isexe@^2.0.0:
  version "2.0.0"
  resolved "http://binary:80/artifactory/api/npm/npm/isexe/-/isexe-2.0.0.tgz#e8fbf374dc556ff8947a10dcb0572d633f2cfa10"
  integrity sha1-6PvzdNxVb/iUehDcsFctYz8s+hA=

path-key@^3.1.0:
  version "3.1.1"
  resolved "http://binary:80/artifactory/api/npm/npm/path-key/-/path-key-3.1.1.tgz#581f6ade658cbba65a0d3380de7753295054f375"
  integrity sha1-WB9q3mWMu6ZaDTOA3ndTKVBU83U=

react-spring@^7.1.0:
  version "7.2.11"
  resolved "http://binary:80/artifactory/api/npm/npm/react-spring/-/react-spring-7.2.11.tgz#90962121c925c8a3181801b926eaf94c9b5c942e"
  integrity sha1-kJYhIcklyKMYGAG5Jur5TJtclC4=
  dependencies:
    "@babel/runtime" "^7.0.0"

react-touch-carousel@^0.9.3:
  version "0.9.3"
  resolved "http://binary:80/artifactory/api/npm/npm/react-touch-carousel/-/react-touch-carousel-0.9.3.tgz#5a98a4f221ce8967267073c99230f14d7719f00b"
  integrity sha1-Wpik8iHOiWcmcHPJkjDxTXcZ8As=
  dependencies:
    react-spring "^7.1.0"

regenerator-runtime@^0.13.2:
  version "0.13.3"
  resolved "http://binary:80/artifactory/api/npm/npm/regenerator-runtime/-/regenerator-runtime-0.13.3.tgz#7cf6a77d8f5c6f60eb73c5fc1955b2ceb01e6bf5"
  integrity sha1-fPanfY9cb2Drc8X8GVWyzrAea/U=

shebang-command@^2.0.0:
  version "2.0.0"
  resolved "http://binary:80/artifactory/api/npm/npm/shebang-command/-/shebang-command-2.0.0.tgz#ccd0af4f8835fbdc265b82461aaf0c36663f34ea"
  integrity sha1-zNCvT4g1+9wmW4JGGq8MNmY/NOo=
  dependencies:
    shebang-regex "^3.0.0"

shebang-regex@^3.0.0:
  version "3.0.0"
  resolved "http://binary:80/artifactory/api/npm/npm/shebang-regex/-/shebang-regex-3.0.0.tgz#ae16f1644d873ecad843b0307b143362d4c42172"
  integrity sha1-rhbxZE2HPsrYQ7AwexQzYtTEIXI=

which@^2.0.1:
  version "2.0.2"
  resolved "http://binary:80/artifactory/api/npm/npm/which/-/which-2.0.2.tgz#7c6a8dd0a636a0327e10b59c9286eee93f3f51b1"
  integrity sha1-fGqN0KY2oDJ+ELWckobu6T8/UbE=
  dependencies:
    isexe "^2.0.0"
